
Microsoft Visual Studio Solution File, Format Version 12.00
# Visual Studio Version 16
VisualStudioVersion = 16.0.34031.81
MinimumVisualStudioVersion = 10.0.40219.1
Project("{FAE04EC0-301F-11D3-BF4B-00C04F79EFBC}") = "Health Club", "Health Club\Health Club.csproj", "{BA00EB27-3D6D-4A4C-AB11-45DEDEB88D60}"
EndProject
Global
	GlobalSection(SolutionConfigurationPlatforms) = preSolution
		Debug|Any CPU = Debug|Any CPU
		Release|Any CPU = Release|Any CPU
	EndGlobalSection
	GlobalSection(ProjectConfigurationPlatforms) = postSolution
		{BA00EB27-3D6D-4A4C-AB11-45DEDEB88D60}.Debug|Any CPU.ActiveCfg = Debug|Any CPU
		{BA00EB27-3D6D-4A4C-AB11-45DEDEB88D60}.Debug|Any CPU.Build.0 = Debug|Any CPU
		{BA00EB27-3D6D-4A4C-AB11-45DEDEB88D60}.Release|Any CPU.ActiveCfg = Release|Any CPU
		{BA00EB27-3D6D-4A4C-AB11-45DEDEB88D60}.Release|Any CPU.Build.0 = Release|Any CPU
	EndGlobalSection
	GlobalSection(SolutionProperties) = preSolution
		HideSolutionNode = FALSE
	EndGlobalSection
	GlobalSection(ExtensibilityGlobals) = postSolution
		SolutionGuid = {2CF35A52-599A-45EF-99C7-A41C491A8D3A}
	EndGlobalSection
EndGlobal
